
Microsoft Visual Studio Solution File, Format Version 12.00
# Visual Studio Version 16
VisualStudioVersion = 16.0.30621.155
MinimumVisualStudioVersion = 10.0.40219.1
Project("{9A19103F-16F7-4668-BE54-9A1E7A4F7556}") = "EzylBot", "EzylBot\EzylBot.csproj", "{A702C652-5457-43B7-BD7E-73A2BF24A0C9}"
EndProject
Global
	GlobalSection(SolutionConfigurationPlatforms) = preSolution
		Debug|Any CPU = Debug|Any CPU
		Release|Any CPU = Release|Any CPU
	EndGlobalSection
	GlobalSection(ProjectConfigurationPlatforms) = postSolution
		{A702C652-5457-43B7-BD7E-73A2BF24A0C9}.Debug|Any CPU.ActiveCfg = Debug|Any CPU
		{A702C652-5457-43B7-BD7E-73A2BF24A0C9}.Debug|Any CPU.Build.0 = Debug|Any CPU
		{A702C652-5457-43B7-BD7E-73A2BF24A0C9}.Release|Any CPU.ActiveCfg = Release|Any CPU
		{A702C652-5457-43B7-BD7E-73A2BF24A0C9}.Release|Any CPU.Build.0 = Release|Any CPU
	EndGlobalSection
	GlobalSection(SolutionProperties) = preSolution
		HideSolutionNode = FALSE
	EndGlobalSection
	GlobalSection(ExtensibilityGlobals) = postSolution
		SolutionGuid = {88D711DE-4C1C-4E6D-B673-28A55EB7AF4B}
	EndGlobalSection
EndGlobal
